lockfileVersion: '9.0'

settings:
  autoInstallPeers: true
  excludeLinksFromLockfile: false

importers:

  .:
    dependencies:
      '@hattip/core':
        specifier: ^0.0.49
        version: 0.0.49
      '@remix-run/route-pattern':
        specifier: ^0.15.3
        version: 0.15.3
      alien-middleware:
        specifier: ^0.10.2
        version: 0.10.2(@hattip/core@0.0.49)
    devDependencies:
      '@alloc/prettier-config':
        specifier: ^1.0.0
        version: 1.0.0
      '@typescript/native-preview':
        specifier: 7.0.0-dev.20251208.1
        version: 7.0.0-dev.20251208.1
      prettier:
        specifier: ^3.7.4
        version: 3.7.4
      zod:
        specifier: ^4.1.13
        version: 4.1.13

packages:

  '@alloc/prettier-config@1.0.0':
    resolution: {integrity: sha512-xm50V1qxSdTh1O1fKA+gqcU605YSnxfq6HwtYSFU3fRsKMFnUSuSOxqSAPI7y2sRxqPed2EIuGmNn107LVQM6g==}

  '@hattip/core@0.0.49':
    resolution: {integrity: sha512-3/ZJtC17cv8m6Sph8+nw4exUp9yhEf2Shi7HK6AHSUSBtaaQXZ9rJBVxTfZj3PGNOR/P49UBXOym/52WYKFTJQ==}

  '@remix-run/route-pattern@0.15.3':
    resolution: {integrity: sha512-7s4Oy9q6Oz9Vfwg0iZscpmYVASNG9fLqbCa+YY0+SWKksDpvCRiW46xp3S3zEvT7zEP7G55FKA+JdrqqK2AOXw==}

  '@typescript/native-preview-darwin-arm64@7.0.0-dev.20251208.1':
    resolution: {integrity: sha512-4+Gry3Ee1VjtbTaVDr5f1KntNw6c0lBqu7kUx/WaUImYWCBlLsAqAU4kaPT8rkwqGcyCiCbCFaP5Ic12Raxl3w==}
    cpu: [arm64]
    os: [darwin]

  '@typescript/native-preview-darwin-x64@7.0.0-dev.20251208.1':
    resolution: {integrity: sha512-t5vaE0AymwjAMTzSjS3wtrvtjitqH6eCsi31PKtV+iEUxshMAAhCDbjklOTB1+91Hb/Y+QUiytrdYSySkzZy8w==}
    cpu: [x64]
    os: [darwin]

  '@typescript/native-preview-linux-arm64@7.0.0-dev.20251208.1':
    resolution: {integrity: sha512-3vxtDBjMPfO1NGZL28JCSxXLKCNIWVi4JqSiOOj4pxUd8t0LtDq8QZq+8exe+8B+8pvBG+z1VekiG5WS0PnxhA==}
    cpu: [arm64]
    os: [linux]

  '@typescript/native-preview-linux-arm@7.0.0-dev.20251208.1':
    resolution: {integrity: sha512-ZLxpdfjNVHmtfz7e2iui2xHCAFAS8FZlE5OPovZ7GtsGNqBBeeDk8OIpn2j9fqQWarcHdMQCA7VlfSuMcz1SYA==}
    cpu: [arm]
    os: [linux]

  '@typescript/native-preview-linux-x64@7.0.0-dev.20251208.1':
    resolution: {integrity: sha512-VQdTESWNTBKdBZhvHVEpg9vcHzSLwA4eJuVkns8Nd9oOjMZyGpZ0IkJBydTlfwQ4FGiSINQcSDarYKL3Dc1hhA==}
    cpu: [x64]
    os: [linux]

  '@typescript/native-preview-win32-arm64@7.0.0-dev.20251208.1':
    resolution: {integrity: sha512-54kEiHT7CRx61DrlXynTs4VRCL8U+u+hM/J1vXhFdUrFaYldHv+pK4LnxUwR59GwDpxkAjBhI8FSSKF11YNqbg==}
    cpu: [arm64]
    os: [win32]

  '@typescript/native-preview-win32-x64@7.0.0-dev.20251208.1':
    resolution: {integrity: sha512-l/pgh2zFZB4idhOZ/t+X1AVbYAUjKE78NMrj0llMYrt1O6cK9jwFocscjJVQcSGqEKdkmkyQhSQuq9kqqypfbw==}
    cpu: [x64]
    os: [win32]

  '@typescript/native-preview@7.0.0-dev.20251208.1':
    resolution: {integrity: sha512-HkTh7dTDL6F2m6mBvCYIWKBZ+M2vaqBylarvtRvP128BhVeT8naS2UDcYUe7BGOCSxv70Zzfg/Sim1IWk2uKkQ==}
    hasBin: true

  alien-middleware@0.10.2:
    resolution: {integrity: sha512-gSZjxwrrDbn1Uv0x2FjrPT6dUWRYITPgCWdJm0HXquYfNe6oZDQ6HFhzaBDBUYhK3pc5X/LGfQR91YiD5DlAxg==}
    peerDependencies:
      '@hattip/core': '*'

  pathic@0.1.6:
    resolution: {integrity: sha512-6yst6gFkgVC9bf+gPeXjWZMIzY8iu5fVFvTfJbrkuFnEZ59hrEAUVdcMogEuUx5tT5tpSN+sYRTmKoeYA23s9w==}

  prettier@3.7.4:
    resolution: {integrity: sha512-v6UNi1+3hSlVvv8fSaoUbggEM5VErKmmpGA7Pl3HF8V6uKY7rvClBOJlH6yNwQtfTueNkGVpOv/mtWL9L4bgRA==}
    engines: {node: '>=14'}
    hasBin: true

  zod@4.1.13:
    resolution: {integrity: sha512-AvvthqfqrAhNH9dnfmrfKzX5upOdjUVJYFqNSlkmGf64gRaTzlPwz99IHYnVs28qYAybvAlBV+H7pn0saFY4Ig==}

snapshots:

  '@alloc/prettier-config@1.0.0': {}

  '@hattip/core@0.0.49': {}

  '@remix-run/route-pattern@0.15.3': {}

  '@typescript/native-preview-darwin-arm64@7.0.0-dev.20251208.1':
    optional: true

  '@typescript/native-preview-darwin-x64@7.0.0-dev.20251208.1':
    optional: true

  '@typescript/native-preview-linux-arm64@7.0.0-dev.20251208.1':
    optional: true

  '@typescript/native-preview-linux-arm@7.0.0-dev.20251208.1':
    optional: true

  '@typescript/native-preview-linux-x64@7.0.0-dev.20251208.1':
    optional: true

  '@typescript/native-preview-win32-arm64@7.0.0-dev.20251208.1':
    optional: true

  '@typescript/native-preview-win32-x64@7.0.0-dev.20251208.1':
    optional: true

  '@typescript/native-preview@7.0.0-dev.20251208.1':
    optionalDependencies:
      '@typescript/native-preview-darwin-arm64': 7.0.0-dev.20251208.1
      '@typescript/native-preview-darwin-x64': 7.0.0-dev.20251208.1
      '@typescript/native-preview-linux-arm': 7.0.0-dev.20251208.1
      '@typescript/native-preview-linux-arm64': 7.0.0-dev.20251208.1
      '@typescript/native-preview-linux-x64': 7.0.0-dev.20251208.1
      '@typescript/native-preview-win32-arm64': 7.0.0-dev.20251208.1
      '@typescript/native-preview-win32-x64': 7.0.0-dev.20251208.1

  alien-middleware@0.10.2(@hattip/core@0.0.49):
    dependencies:
      '@hattip/core': 0.0.49
      pathic: 0.1.6

  pathic@0.1.6: {}

  prettier@3.7.4: {}

  zod@4.1.13: {}
