lockfileVersion: '9.0'

settings:
  autoInstallPeers: true
  excludeLinksFromLockfile: false

importers:

  .:
    dependencies:
      '@hattip/core':
        specifier: ^0.0.49
        version: 0.0.49
      '@remix-run/route-pattern':
        specifier: ^0.15.3
        version: 0.15.3
      alien-middleware:
        specifier: ^0.10.3
        version: 0.10.3(@hattip/core@0.0.49)
    devDependencies:
      '@alloc/prettier-config':
        specifier: ^1.0.0
        version: 1.0.0
      '@typescript/native-preview':
        specifier: 7.0.0-dev.20251208.1
        version: 7.0.0-dev.20251208.1
      prettier:
        specifier: ^3.7.4
        version: 3.7.4
      tsc-lint:
        specifier: ^0.1.9
        version: 0.1.9(typescript@5.9.3)
      typescript:
        specifier: ^5.9.3
        version: 5.9.3
      zod:
        specifier: ^4.1.13
        version: 4.1.13

packages:

  '@alloc/prettier-config@1.0.0':
    resolution: {integrity: sha512-xm50V1qxSdTh1O1fKA+gqcU605YSnxfq6HwtYSFU3fRsKMFnUSuSOxqSAPI7y2sRxqPed2EIuGmNn107LVQM6g==}

  '@hattip/core@0.0.49':
    resolution: {integrity: sha512-3/ZJtC17cv8m6Sph8+nw4exUp9yhEf2Shi7HK6AHSUSBtaaQXZ9rJBVxTfZj3PGNOR/P49UBXOym/52WYKFTJQ==}

  '@remix-run/route-pattern@0.15.3':
    resolution: {integrity: sha512-7s4Oy9q6Oz9Vfwg0iZscpmYVASNG9fLqbCa+YY0+SWKksDpvCRiW46xp3S3zEvT7zEP7G55FKA+JdrqqK2AOXw==}

  '@typescript/native-preview-darwin-arm64@7.0.0-dev.20251208.1':
    resolution: {integrity: sha512-4+Gry3Ee1VjtbTaVDr5f1KntNw6c0lBqu7kUx/WaUImYWCBlLsAqAU4kaPT8rkwqGcyCiCbCFaP5Ic12Raxl3w==}
    cpu: [arm64]
    os: [darwin]

  '@typescript/native-preview-darwin-x64@7.0.0-dev.20251208.1':
    resolution: {integrity: sha512-t5vaE0AymwjAMTzSjS3wtrvtjitqH6eCsi31PKtV+iEUxshMAAhCDbjklOTB1+91Hb/Y+QUiytrdYSySkzZy8w==}
    cpu: [x64]
    os: [darwin]

  '@typescript/native-preview-linux-arm64@7.0.0-dev.20251208.1':
    resolution: {integrity: sha512-3vxtDBjMPfO1NGZL28JCSxXLKCNIWVi4JqSiOOj4pxUd8t0LtDq8QZq+8exe+8B+8pvBG+z1VekiG5WS0PnxhA==}
    cpu: [arm64]
    os: [linux]

  '@typescript/native-preview-linux-arm@7.0.0-dev.20251208.1':
    resolution: {integrity: sha512-ZLxpdfjNVHmtfz7e2iui2xHCAFAS8FZlE5OPovZ7GtsGNqBBeeDk8OIpn2j9fqQWarcHdMQCA7VlfSuMcz1SYA==}
    cpu: [arm]
    os: [linux]

  '@typescript/native-preview-linux-x64@7.0.0-dev.20251208.1':
    resolution: {integrity: sha512-VQdTESWNTBKdBZhvHVEpg9vcHzSLwA4eJuVkns8Nd9oOjMZyGpZ0IkJBydTlfwQ4FGiSINQcSDarYKL3Dc1hhA==}
    cpu: [x64]
    os: [linux]

  '@typescript/native-preview-win32-arm64@7.0.0-dev.20251208.1':
    resolution: {integrity: sha512-54kEiHT7CRx61DrlXynTs4VRCL8U+u+hM/J1vXhFdUrFaYldHv+pK4LnxUwR59GwDpxkAjBhI8FSSKF11YNqbg==}
    cpu: [arm64]
    os: [win32]

  '@typescript/native-preview-win32-x64@7.0.0-dev.20251208.1':
    resolution: {integrity: sha512-l/pgh2zFZB4idhOZ/t+X1AVbYAUjKE78NMrj0llMYrt1O6cK9jwFocscjJVQcSGqEKdkmkyQhSQuq9kqqypfbw==}
    cpu: [x64]
    os: [win32]

  '@typescript/native-preview@7.0.0-dev.20251208.1':
    resolution: {integrity: sha512-HkTh7dTDL6F2m6mBvCYIWKBZ+M2vaqBylarvtRvP128BhVeT8naS2UDcYUe7BGOCSxv70Zzfg/Sim1IWk2uKkQ==}
    hasBin: true

  alien-middleware@0.10.3:
    resolution: {integrity: sha512-l1QKbQobMQbHi1fAYXmA9ePBBilUPSkERyr4eoxyWC17VLvNjmnV2Eq80OiTwclgUEHhetJ4Hr+gALvMnu4Haw==}
    peerDependencies:
      '@hattip/core': '*'

  debug@4.4.3:
    resolution: {integrity: sha512-RGwwWnwQvkVfavKVt22FGLw+xYSdzARwm0ru6DhTVA3umU5hZc28V3kO4stgYryrTlLpuvgI9GiijltAjNbcqA==}
    engines: {node: '>=6.0'}
    peerDependencies:
      supports-color: '*'
    peerDependenciesMeta:
      supports-color:
        optional: true

  fdir@6.5.0:
    resolution: {integrity: sha512-tIbYtZbucOs0BRGqPJkshJUYdL+SDH7dVM8gjy+ERp3WAUjLEFJE+02kanyHtwjWOnwrKYBiwAmM0p4kLJAnXg==}
    engines: {node: '>=12.0.0'}
    peerDependencies:
      picomatch: ^3 || ^4
    peerDependenciesMeta:
      picomatch:
        optional: true

  ignore@7.0.5:
    resolution: {integrity: sha512-Hs59xBNfUIunMFgWAbGX5cq6893IbWg4KnrjbYwX3tx0ztorVgTDA6B2sxf8ejHJ4wz8BqGUMYlnzNBer5NvGg==}
    engines: {node: '>= 4'}

  ms@2.1.3:
    resolution: {integrity: sha512-6FlzubTLZG3J2a/NVCAleEhjzq5oxgHyaCU9yYXvcLsvoVaHJq/s5xXI6/XXP6tz7R9xAOtHnSO/tXtF3WRTlA==}

  nanocolors@0.2.13:
    resolution: {integrity: sha512-0n3mSAQLPpGLV9ORXT5+C/D4mwew7Ebws69Hx4E2sgz2ZA5+32Q80B9tL8PbL7XHnRDiAxH/pnrUJ9a4fkTNTA==}

  pathic@0.1.6:
    resolution: {integrity: sha512-6yst6gFkgVC9bf+gPeXjWZMIzY8iu5fVFvTfJbrkuFnEZ59hrEAUVdcMogEuUx5tT5tpSN+sYRTmKoeYA23s9w==}

  picomatch@4.0.3:
    resolution: {integrity: sha512-5gTmgEY/sqK6gFXLIsQNH19lWb4ebPDLA4SdLP7dsWkIXHWlG66oPuVvXSGFPppYZz8ZDZq0dYYrbHfBCVUb1Q==}
    engines: {node: '>=12'}

  prettier@3.7.4:
    resolution: {integrity: sha512-v6UNi1+3hSlVvv8fSaoUbggEM5VErKmmpGA7Pl3HF8V6uKY7rvClBOJlH6yNwQtfTueNkGVpOv/mtWL9L4bgRA==}
    engines: {node: '>=14'}
    hasBin: true

  tinyglobby@0.2.15:
    resolution: {integrity: sha512-j2Zq4NyQYG5XMST4cbs02Ak8iJUdxRM0XI5QyxXuZOzKOINmWurp3smXu3y5wDcJrptwpSjgXHzIQxR0omXljQ==}
    engines: {node: '>=12.0.0'}

  tsc-lint@0.1.9:
    resolution: {integrity: sha512-/9l4RLKYX9Il7O0+ol81ZvSgPGb5j1P3aTfGh/VbBdHhZ3dxsSv2IIIY07NHEVx7D5V7UKIiuBEYfrvP2P14KQ==}
    hasBin: true

  tsconfck@3.1.6:
    resolution: {integrity: sha512-ks6Vjr/jEw0P1gmOVwutM3B7fWxoWBL2KRDb1JfqGVawBmO5UsvmWOQFGHBPl5yxYz4eERr19E6L7NMv+Fej4w==}
    engines: {node: ^18 || >=20}
    hasBin: true
    peerDependencies:
      typescript: ^5.0.0
    peerDependenciesMeta:
      typescript:
        optional: true

  typescript@5.9.3:
    resolution: {integrity: sha512-jl1vZzPDinLr9eUt3J/t7V6FgNEw9QjvBPdysz9KfQDD41fQrC2Y4vKQdiaUpFT4bXlb1RHhLpp8wtm6M5TgSw==}
    engines: {node: '>=14.17'}
    hasBin: true

  zod@4.1.13:
    resolution: {integrity: sha512-AvvthqfqrAhNH9dnfmrfKzX5upOdjUVJYFqNSlkmGf64gRaTzlPwz99IHYnVs28qYAybvAlBV+H7pn0saFY4Ig==}

snapshots:

  '@alloc/prettier-config@1.0.0': {}

  '@hattip/core@0.0.49': {}

  '@remix-run/route-pattern@0.15.3': {}

  '@typescript/native-preview-darwin-arm64@7.0.0-dev.20251208.1':
    optional: true

  '@typescript/native-preview-darwin-x64@7.0.0-dev.20251208.1':
    optional: true

  '@typescript/native-preview-linux-arm64@7.0.0-dev.20251208.1':
    optional: true

  '@typescript/native-preview-linux-arm@7.0.0-dev.20251208.1':
    optional: true

  '@typescript/native-preview-linux-x64@7.0.0-dev.20251208.1':
    optional: true

  '@typescript/native-preview-win32-arm64@7.0.0-dev.20251208.1':
    optional: true

  '@typescript/native-preview-win32-x64@7.0.0-dev.20251208.1':
    optional: true

  '@typescript/native-preview@7.0.0-dev.20251208.1':
    optionalDependencies:
      '@typescript/native-preview-darwin-arm64': 7.0.0-dev.20251208.1
      '@typescript/native-preview-darwin-x64': 7.0.0-dev.20251208.1
      '@typescript/native-preview-linux-arm': 7.0.0-dev.20251208.1
      '@typescript/native-preview-linux-arm64': 7.0.0-dev.20251208.1
      '@typescript/native-preview-linux-x64': 7.0.0-dev.20251208.1
      '@typescript/native-preview-win32-arm64': 7.0.0-dev.20251208.1
      '@typescript/native-preview-win32-x64': 7.0.0-dev.20251208.1

  alien-middleware@0.10.3(@hattip/core@0.0.49):
    dependencies:
      '@hattip/core': 0.0.49
      pathic: 0.1.6

  debug@4.4.3:
    dependencies:
      ms: 2.1.3

  fdir@6.5.0(picomatch@4.0.3):
    optionalDependencies:
      picomatch: 4.0.3

  ignore@7.0.5: {}

  ms@2.1.3: {}

  nanocolors@0.2.13: {}

  pathic@0.1.6: {}

  picomatch@4.0.3: {}

  prettier@3.7.4: {}

  tinyglobby@0.2.15:
    dependencies:
      fdir: 6.5.0(picomatch@4.0.3)
      picomatch: 4.0.3

  tsc-lint@0.1.9(typescript@5.9.3):
    dependencies:
      debug: 4.4.3
      ignore: 7.0.5
      nanocolors: 0.2.13
      picomatch: 4.0.3
      tinyglobby: 0.2.15
      tsconfck: 3.1.6(typescript@5.9.3)
    transitivePeerDependencies:
      - supports-color
      - typescript

  tsconfck@3.1.6(typescript@5.9.3):
    optionalDependencies:
      typescript: 5.9.3

  typescript@5.9.3: {}

  zod@4.1.13: {}
